
Microsoft Visual Studio Solution File, Format Version 12.00
# Visual Studio Version 17
VisualStudioVersion = 17.11.35312.102
MinimumVisualStudioVersion = 10.0.40219.1
Project("{9A19103F-16F7-4668-BE54-9A1E7A4F7556}") = "Graph_QL_Dot_NET_8", "Graph_QL_Dot_NET_8.csproj", "{B36AF28F-3851-434E-A02F-0633A10FD31F}"
EndProject
Global
	GlobalSection(SolutionConfigurationPlatforms) = preSolution
		Debug|Any CPU = Debug|Any CPU
		Release|Any CPU = Release|Any CPU
	EndGlobalSection
	GlobalSection(ProjectConfigurationPlatforms) = postSolution
		{B36AF28F-3851-434E-A02F-0633A10FD31F}.Debug|Any CPU.ActiveCfg = Debug|Any CPU
		{B36AF28F-3851-434E-A02F-0633A10FD31F}.Debug|Any CPU.Build.0 = Debug|Any CPU
		{B36AF28F-3851-434E-A02F-0633A10FD31F}.Release|Any CPU.ActiveCfg = Release|Any CPU
		{B36AF28F-3851-434E-A02F-0633A10FD31F}.Release|Any CPU.Build.0 = Release|Any CPU
	EndGlobalSection
	GlobalSection(SolutionProperties) = preSolution
		HideSolutionNode = FALSE
	EndGlobalSection
	GlobalSection(ExtensibilityGlobals) = postSolution
		SolutionGuid = {F19EDE70-F3B8-44E0-9801-6029BE019CC3}
	EndGlobalSection
EndGlobal
